// !$*UTF8*$!
{
	archiveVersion = 1;
	classes = {
	};
	objectVersion = 55;
	objects = {

/* Begin PBXBuildFile section */
		A2BA12612771DC18009F4B0F /* Application.swift in Sources */ = {isa = PBXBuildFile; fileRef = A2BA12602771DC18009F4B0F /* Application.swift */; };
		A2BA12632771DC18009F4B0F /* Main.swift in Sources */ = {isa = PBXBuildFile; fileRef = A2BA12622771DC18009F4B0F /* Main.swift */; };
		A2BA12652771DC1A009F4B0F /* Assets.xcassets in Resources */ = {isa = PBXBuildFile; fileRef = A2BA12642771DC1A009F4B0F /* Assets.xcassets */; };
		A2BA12682771DC1A009F4B0F /* Preview Assets.xcassets in Resources */ = {isa = PBXBuildFile; fileRef = A2BA12672771DC1A009F4B0F /* Preview Assets.xcassets */; };
		A2BA12702771E2AB009F4B0F /* Color+.swift in Sources */ = {isa = PBXBuildFile; fileRef = A2BA126F2771E2AB009F4B0F /* Color+.swift */; };
		A2BA12722771E580009F4B0F /* Data.swift in Sources */ = {isa = PBXBuildFile; fileRef = A2BA12712771E580009F4B0F /* Data.swift */; };
		A2BA12762771E961009F4B0F /* IBMPlexSansArabic-Regular.otf in Resources */ = {isa = PBXBuildFile; fileRef = A2BA12742771E961009F4B0F /* IBMPlexSansArabic-Regular.otf */; };
		A2BA12772771E961009F4B0F /* IBMPlexSansArabic-SemiBold.otf in Resources */ = {isa = PBXBuildFile; fileRef = A2BA12752771E961009F4B0F /* IBMPlexSansArabic-SemiBold.otf */; };
		A2BA127B2771EFED009F4B0F /* Introspect in Frameworks */ = {isa = PBXBuildFile; productRef = A2BA127A2771EFED009F4B0F /* Introspect */; };
		A2BA127D2771F080009F4B0F /* LandingView.swift in Sources */ = {isa = PBXBuildFile; fileRef = A2BA127C2771F080009F4B0F /* LandingView.swift */; };
		A2BA127F2771F1FF009F4B0F /* StatsView.swift in Sources */ = {isa = PBXBuildFile; fileRef = A2BA127E2771F1FF009F4B0F /* StatsView.swift */; };
		A2BA12822771FF67009F4B0F /* StatModel.swift in Sources */ = {isa = PBXBuildFile; fileRef = A2BA12812771FF67009F4B0F /* StatModel.swift */; };
		A2BA1284277205B5009F4B0F /* ProductionView.swift in Sources */ = {isa = PBXBuildFile; fileRef = A2BA1283277205B5009F4B0F /* ProductionView.swift */; };
		A2E1A02B277234BC00E4D4F1 /* PartnersView.swift in Sources */ = {isa = PBXBuildFile; fileRef = A2E1A02A277234BC00E4D4F1 /* PartnersView.swift */; };
		A2E1A02D277234C900E4D4F1 /* FooterView.swift in Sources */ = {isa = PBXBuildFile; fileRef = A2E1A02C277234C900E4D4F1 /* FooterView.swift */; };
/* End PBXBuildFile section */

/* Begin PBXFileReference section */
		A2BA125D2771DC18009F4B0F /* thmanyahApp-swiftui.app */ = {isa = PBXFileReference; explicitFileType = wrapper.application; includeInIndex = 0; path = "thmanyahApp-swiftui.app"; sourceTree = BUILT_PRODUCTS_DIR; };
		A2BA12602771DC18009F4B0F /* Application.swift */ = {isa = PBXFileReference; lastKnownFileType = sourcecode.swift; path = Application.swift; sourceTree = "<group>"; };
		A2BA12622771DC18009F4B0F /* Main.swift */ = {isa = PBXFileReference; lastKnownFileType = sourcecode.swift; path = Main.swift; sourceTree = "<group>"; };
		A2BA12642771DC1A009F4B0F /* Assets.xcassets */ = {isa = PBXFileReference; lastKnownFileType = folder.assetcatalog; path = Assets.xcassets; sourceTree = "<group>"; };
		A2BA12672771DC1A009F4B0F /* Preview Assets.xcassets */ = {isa = PBXFileReference; lastKnownFileType = folder.assetcatalog; path = "Preview Assets.xcassets"; sourceTree = "<group>"; };
		A2BA126F2771E2AB009F4B0F /* Color+.swift */ = {isa = PBXFileReference; lastKnownFileType = sourcecode.swift; path = "Color+.swift"; sourceTree = "<group>"; };
		A2BA12712771E580009F4B0F /* Data.swift */ = {isa = PBXFileReference; lastKnownFileType = sourcecode.swift; path = Data.swift; sourceTree = "<group>"; };
		A2BA12742771E961009F4B0F /* IBMPlexSansArabic-Regular.otf */ = {isa = PBXFileReference; lastKnownFileType = file; path = "IBMPlexSansArabic-Regular.otf"; sourceTree = "<group>"; };
		A2BA12752771E961009F4B0F /* IBMPlexSansArabic-SemiBold.otf */ = {isa = PBXFileReference; lastKnownFileType = file; path = "IBMPlexSansArabic-SemiBold.otf"; sourceTree = "<group>"; };
		A2BA12782771E99B009F4B0F /* Info.plist */ = {isa = PBXFileReference; lastKnownFileType = text.plist; path = Info.plist; sourceTree = "<group>"; };
		A2BA127C2771F080009F4B0F /* LandingView.swift */ = {isa = PBXFileReference; lastKnownFileType = sourcecode.swift; path = LandingView.swift; sourceTree = "<group>"; };
		A2BA127E2771F1FF009F4B0F /* StatsView.swift */ = {isa = PBXFileReference; lastKnownFileType = sourcecode.swift; path = StatsView.swift; sourceTree = "<group>"; };
		A2BA12812771FF67009F4B0F /* StatModel.swift */ = {isa = PBXFileReference; lastKnownFileType = sourcecode.swift; path = StatModel.swift; sourceTree = "<group>"; };
		A2BA1283277205B5009F4B0F /* ProductionView.swift */ = {isa = PBXFileReference; lastKnownFileType = sourcecode.swift; path = ProductionView.swift; sourceTree = "<group>"; };
		A2E1A02A277234BC00E4D4F1 /* PartnersView.swift */ = {isa = PBXFileReference; lastKnownFileType = sourcecode.swift; path = PartnersView.swift; sourceTree = "<group>"; };
		A2E1A02C277234C900E4D4F1 /* FooterView.swift */ = {isa = PBXFileReference; lastKnownFileType = sourcecode.swift; path = FooterView.swift; sourceTree = "<group>"; };
/* End PBXFileReference section */

/* Begin PBXFrameworksBuildPhase section */
		A2BA125A2771DC18009F4B0F /* Frameworks */ = {
			isa = PBXFrameworksBuildPhase;
			buildActionMask = 2147483647;
			files = (
				A2BA127B2771EFED009F4B0F /* Introspect in Frameworks */,
			);
			runOnlyForDeploymentPostprocessing = 0;
		};
/* End PBXFrameworksBuildPhase section */

/* Begin PBXGroup section */
		A2BA12542771DC18009F4B0F = {
			isa = PBXGroup;
			children = (
				A2BA125F2771DC18009F4B0F /* thmanyahApp-swiftui */,
				A2BA125E2771DC18009F4B0F /* Products */,
			);
			sourceTree = "<group>";
		};
		A2BA125E2771DC18009F4B0F /* Products */ = {
			isa = PBXGroup;
			children = (
				A2BA125D2771DC18009F4B0F /* thmanyahApp-swiftui.app */,
			);
			name = Products;
			sourceTree = "<group>";
		};
		A2BA125F2771DC18009F4B0F /* thmanyahApp-swiftui */ = {
			isa = PBXGroup;
			children = (
				A2BA12802771FF59009F4B0F /* Models */,
				A2BA12782771E99B009F4B0F /* Info.plist */,
				A2BA12732771E952009F4B0F /* Fonts */,
				A2BA126E2771E29C009F4B0F /* Extensions */,
				A2BA12622771DC18009F4B0F /* Main.swift */,
				A2BA127C2771F080009F4B0F /* LandingView.swift */,
				A2BA127E2771F1FF009F4B0F /* StatsView.swift */,
				A2BA1283277205B5009F4B0F /* ProductionView.swift */,
				A2E1A02A277234BC00E4D4F1 /* PartnersView.swift */,
				A2E1A02C277234C900E4D4F1 /* FooterView.swift */,
				A2BA12712771E580009F4B0F /* Data.swift */,
				A2BA12602771DC18009F4B0F /* Application.swift */,
				A2BA12642771DC1A009F4B0F /* Assets.xcassets */,
				A2BA12662771DC1A009F4B0F /* Preview Content */,
			);
			path = "thmanyahApp-swiftui";
			sourceTree = "<group>";
		};
		A2BA12662771DC1A009F4B0F /* Preview Content */ = {
			isa = PBXGroup;
			children = (
				A2BA12672771DC1A009F4B0F /* Preview Assets.xcassets */,
			);
			path = "Preview Content";
			sourceTree = "<group>";
		};
		A2BA126E2771E29C009F4B0F /* Extensions */ = {
			isa = PBXGroup;
			children = (
				A2BA126F2771E2AB009F4B0F /* Color+.swift */,
			);
			path = Extensions;
			sourceTree = "<group>";
		};
		A2BA12732771E952009F4B0F /* Fonts */ = {
			isa = PBXGroup;
			children = (
				A2BA12742771E961009F4B0F /* IBMPlexSansArabic-Regular.otf */,
				A2BA12752771E961009F4B0F /* IBMPlexSansArabic-SemiBold.otf */,
			);
			path = Fonts;
			sourceTree = "<group>";
		};
		A2BA12802771FF59009F4B0F /* Models */ = {
			isa = PBXGroup;
			children = (
				A2BA12812771FF67009F4B0F /* StatModel.swift */,
			);
			path = Models;
			sourceTree = "<group>";
		};
/* End PBXGroup section */

/* Begin PBXNativeTarget section */
		A2BA125C2771DC18009F4B0F /* thmanyahApp-swiftui */ = {
			isa = PBXNativeTarget;
			buildConfigurationList = A2BA126B2771DC1A009F4B0F /* Build configuration list for PBXNativeTarget "thmanyahApp-swiftui" */;
			buildPhases = (
				A2BA12592771DC18009F4B0F /* Sources */,
				A2BA125A2771DC18009F4B0F /* Frameworks */,
				A2BA125B2771DC18009F4B0F /* Resources */,
			);
			buildRules = (
			);
			dependencies = (
			);
			name = "thmanyahApp-swiftui";
			packageProductDependencies = (
				A2BA127A2771EFED009F4B0F /* Introspect */,
			);
			productName = "thmanyahApp-swiftui";
			productReference = A2BA125D2771DC18009F4B0F /* thmanyahApp-swiftui.app */;
			productType = "com.apple.product-type.application";
		};
/* End PBXNativeTarget section */

/* Begin PBXProject section */
		A2BA12552771DC18009F4B0F /* Project object */ = {
			isa = PBXProject;
			attributes = {
				BuildIndependentTargetsInParallel = 1;
				LastSwiftUpdateCheck = 1320;
				LastUpgradeCheck = 1320;
				TargetAttributes = {
					A2BA125C2771DC18009F4B0F = {
						CreatedOnToolsVersion = 13.2.1;
					};
				};
			};
			buildConfigurationList = A2BA12582771DC18009F4B0F /* Build configuration list for PBXProject "thmanyahApp-swiftui" */;
			compatibilityVersion = "Xcode 13.0";
			developmentRegion = ar;
			hasScannedForEncodings = 0;
			knownRegions = (
				Base,
				ar,
			);
			mainGroup = A2BA12542771DC18009F4B0F;
			packageReferences = (
				A2BA12792771EFED009F4B0F /* XCRemoteSwiftPackageReference "SwiftUI-Introspect" */,
			);
			productRefGroup = A2BA125E2771DC18009F4B0F /* Products */;
			projectDirPath = "";
			projectRoot = "";
			targets = (
				A2BA125C2771DC18009F4B0F /* thmanyahApp-swiftui */,
			);
		};
/* End PBXProject section */

/* Begin PBXResourcesBuildPhase section */
		A2BA125B2771DC18009F4B0F /* Resources */ = {
			isa = PBXResourcesBuildPhase;
			buildActionMask = 2147483647;
			files = (
				A2BA12682771DC1A009F4B0F /* Preview Assets.xcassets in Resources */,
				A2BA12772771E961009F4B0F /* IBMPlexSansArabic-SemiBold.otf in Resources */,
				A2BA12762771E961009F4B0F /* IBMPlexSansArabic-Regular.otf in Resources */,
				A2BA12652771DC1A009F4B0F /* Assets.xcassets in Resources */,
			);
			runOnlyForDeploymentPostprocessing = 0;
		};
/* End PBXResourcesBuildPhase section */

/* Begin PBXSourcesBuildPhase section */
		A2BA12592771DC18009F4B0F /* Sources */ = {
			isa = PBXSourcesBuildPhase;
			buildActionMask = 2147483647;
			files = (
				A2BA12632771DC18009F4B0F /* Main.swift in Sources */,
				A2BA1284277205B5009F4B0F /* ProductionView.swift in Sources */,
				A2E1A02B277234BC00E4D4F1 /* PartnersView.swift in Sources */,
				A2E1A02D277234C900E4D4F1 /* FooterView.swift in Sources */,
				A2BA12822771FF67009F4B0F /* StatModel.swift in Sources */,
				A2BA127D2771F080009F4B0F /* LandingView.swift in Sources */,
				A2BA127F2771F1FF009F4B0F /* StatsView.swift in Sources */,
				A2BA12702771E2AB009F4B0F /* Color+.swift in Sources */,
				A2BA12612771DC18009F4B0F /* Application.swift in Sources */,
				A2BA12722771E580009F4B0F /* Data.swift in Sources */,
			);
			runOnlyForDeploymentPostprocessing = 0;
		};
/* End PBXSourcesBuildPhase section */

/* Begin XCBuildConfiguration section */
		A2BA12692771DC1A009F4B0F /* Debug */ = {
			isa = XCBuildConfiguration;
			buildSettings = {
				ALWAYS_SEARCH_USER_PATHS = NO;
				CLANG_ANALYZER_NONNULL = YES;
				CLANG_ANALYZER_NUMBER_OBJECT_CONVERSION = YES_AGGRESSIVE;
				CLANG_CXX_LANGUAGE_STANDARD = "gnu++17";
				CLANG_CXX_LIBRARY = "libc++";
				CLANG_ENABLE_MODULES = YES;
				CLANG_ENABLE_OBJC_ARC = YES;
				CLANG_ENABLE_OBJC_WEAK = YES;
				CLANG_WARN_BLOCK_CAPTURE_AUTORELEASING = YES;
				CLANG_WARN_BOOL_CONVERSION = YES;
				CLANG_WARN_COMMA = YES;
				CLANG_WARN_CONSTANT_CONVERSION = YES;
				CLANG_WARN_DEPRECATED_OBJC_IMPLEMENTATIONS = YES;
				CLANG_WARN_DIRECT_OBJC_ISA_USAGE = YES_ERROR;
				CLANG_WARN_DOCUMENTATION_COMMENTS = YES;
				CLANG_WARN_EMPTY_BODY = YES;
				CLANG_WARN_ENUM_CONVERSION = YES;
				CLANG_WARN_INFINITE_RECURSION = YES;
				CLANG_WARN_INT_CONVERSION = YES;
				CLANG_WARN_NON_LITERAL_NULL_CONVERSION = YES;
				CLANG_WARN_OBJC_IMPLICIT_RETAIN_SELF = YES;
				CLANG_WARN_OBJC_LITERAL_CONVERSION = YES;
				CLANG_WARN_OBJC_ROOT_CLASS = YES_ERROR;
				CLANG_WARN_QUOTED_INCLUDE_IN_FRAMEWORK_HEADER = YES;
				CLANG_WARN_RANGE_LOOP_ANALYSIS = YES;
				CLANG_WARN_STRICT_PROTOTYPES = YES;
				CLANG_WARN_SUSPICIOUS_MOVE = YES;
				CLANG_WARN_UNGUARDED_AVAILABILITY = YES_AGGRESSIVE;
				CLANG_WARN_UNREACHABLE_CODE = YES;
				CLANG_WARN__DUPLICATE_METHOD_MATCH = YES;
				COPY_PHASE_STRIP = NO;
				DEBUG_INFORMATION_FORMAT = dwarf;
				ENABLE_STRICT_OBJC_MSGSEND = YES;
				ENABLE_TESTABILITY = YES;
				GCC_C_LANGUAGE_STANDARD = gnu11;
				GCC_DYNAMIC_NO_PIC = NO;
				GCC_NO_COMMON_BLOCKS = YES;
				GCC_OPTIMIZATION_LEVEL = 0;
				GCC_PREPROCESSOR_DEFINITIONS = (
					"DEBUG=1",
					"$(inherited)",
				);
				GCC_WARN_64_TO_32_BIT_CONVERSION = YES;
				GCC_WARN_ABOUT_RETURN_TYPE = YES_ERROR;
				GCC_WARN_UNDECLARED_SELECTOR = YES;
				GCC_WARN_UNINITIALIZED_AUTOS = YES_AGGRESSIVE;
				GCC_WARN_UNUSED_FUNCTION = YES;
				GCC_WARN_UNUSED_VARIABLE = YES;
				IPHONEOS_DEPLOYMENT_TARGET = 15.2;
				MTL_ENABLE_DEBUG_INFO = INCLUDE_SOURCE;
				MTL_FAST_MATH = YES;
				ONLY_ACTIVE_ARCH = YES;
				SDKROOT = iphoneos;
				SWIFT_ACTIVE_COMPILATION_CONDITIONS = DEBUG;
				SWIFT_OPTIMIZATION_LEVEL = "-Onone";
			};
			name = Debug;
		};
		A2BA126A2771DC1A009F4B0F /* Release */ = {
			isa = XCBuildConfiguration;
			buildSettings = {
				ALWAYS_SEARCH_USER_PATHS = NO;
				CLANG_ANALYZER_NONNULL = YES;
				CLANG_ANALYZER_NUMBER_OBJECT_CONVERSION = YES_AGGRESSIVE;
				CLANG_CXX_LANGUAGE_STANDARD = "gnu++17";
				CLANG_CXX_LIBRARY = "libc++";
				CLANG_ENABLE_MODULES = YES;
				CLANG_ENABLE_OBJC_ARC = YES;
				CLANG_ENABLE_OBJC_WEAK = YES;
				CLANG_WARN_BLOCK_CAPTURE_AUTORELEASING = YES;
				CLANG_WARN_BOOL_CONVERSION = YES;
				CLANG_WARN_COMMA = YES;
				CLANG_WARN_CONSTANT_CONVERSION = YES;
				CLANG_WARN_DEPRECATED_OBJC_IMPLEMENTATIONS = YES;
				CLANG_WARN_DIRECT_OBJC_ISA_USAGE = YES_ERROR;
				CLANG_WARN_DOCUMENTATION_COMMENTS = YES;
				CLANG_WARN_EMPTY_BODY = YES;
				CLANG_WARN_ENUM_CONVERSION = YES;
				CLANG_WARN_INFINITE_RECURSION = YES;
				CLANG_WARN_INT_CONVERSION = YES;
				CLANG_WARN_NON_LITERAL_NULL_CONVERSION = YES;
				CLANG_WARN_OBJC_IMPLICIT_RETAIN_SELF = YES;
				CLANG_WARN_OBJC_LITERAL_CONVERSION = YES;
				CLANG_WARN_OBJC_ROOT_CLASS = YES_ERROR;
				CLANG_WARN_QUOTED_INCLUDE_IN_FRAMEWORK_HEADER = YES;
				CLANG_WARN_RANGE_LOOP_ANALYSIS = YES;
				CLANG_WARN_STRICT_PROTOTYPES = YES;
				CLANG_WARN_SUSPICIOUS_MOVE = YES;
				CLANG_WARN_UNGUARDED_AVAILABILITY = YES_AGGRESSIVE;
				CLANG_WARN_UNREACHABLE_CODE = YES;
				CLANG_WARN__DUPLICATE_METHOD_MATCH = YES;
				COPY_PHASE_STRIP = NO;
				DEBUG_INFORMATION_FORMAT = "dwarf-with-dsym";
				ENABLE_NS_ASSERTIONS = NO;
				ENABLE_STRICT_OBJC_MSGSEND = YES;
				GCC_C_LANGUAGE_STANDARD = gnu11;
				GCC_NO_COMMON_BLOCKS = YES;
				GCC_WARN_64_TO_32_BIT_CONVERSION = YES;
				GCC_WARN_ABOUT_RETURN_TYPE = YES_ERROR;
				GCC_WARN_UNDECLARED_SELECTOR = YES;
				GCC_WARN_UNINITIALIZED_AUTOS = YES_AGGRESSIVE;
				GCC_WARN_UNUSED_FUNCTION = YES;
				GCC_WARN_UNUSED_VARIABLE = YES;
				IPHONEOS_DEPLOYMENT_TARGET = 15.2;
				MTL_ENABLE_DEBUG_INFO = NO;
				MTL_FAST_MATH = YES;
				SDKROOT = iphoneos;
				SWIFT_COMPILATION_MODE = wholemodule;
				SWIFT_OPTIMIZATION_LEVEL = "-O";
				VALIDATE_PRODUCT = YES;
			};
			name = Release;
		};
		A2BA126C2771DC1A009F4B0F /* Debug */ = {
			isa = XCBuildConfiguration;
			buildSettings = {
				ASSETCATALOG_COMPILER_APPICON_NAME = AppIcon;
				ASSETCATALOG_COMPILER_GLOBAL_ACCENT_COLOR_NAME = AccentColor;
				CODE_SIGN_STYLE = Automatic;
				CURRENT_PROJECT_VERSION = 1;
				DEVELOPMENT_ASSET_PATHS = "\"thmanyahApp-swiftui/Preview Content\"";
				DEVELOPMENT_TEAM = M9AP67F2SC;
				ENABLE_PREVIEWS = YES;
				GENERATE_INFOPLIST_FILE = YES;
				INFOPLIST_FILE = "thmanyahApp-swiftui/Info.plist";
				INFOPLIST_KEY_UIApplicationSceneManifest_Generation = YES;
				INFOPLIST_KEY_UIApplicationSupportsIndirectInputEvents = YES;
				INFOPLIST_KEY_UILaunchScreen_Generation = YES;
				INFOPLIST_KEY_UISupportedInterfaceOrientations_iPad = "UIInterfaceOrientationPortrait UIInterfaceOrientationPortraitUpsideDown UIInterfaceOrientationLandscapeLeft UIInterfaceOrientationLandscapeRight";
				INFOPLIST_KEY_UISupportedInterfaceOrientations_iPhone = "UIInterfaceOrientationPortrait UIInterfaceOrientationLandscapeLeft UIInterfaceOrientationLandscapeRight";
				IPHONEOS_DEPLOYMENT_TARGET = 15.0;
				LD_RUNPATH_SEARCH_PATHS = (
					"$(inherited)",
					"@executable_path/Frameworks",
				);
				MARKETING_VERSION = 1.0;
				PRODUCT_BUNDLE_IDENTIFIER = "com.vdotup.thmanyahApp-swiftui";
				PRODUCT_NAME = "$(TARGET_NAME)";
				SWIFT_EMIT_LOC_STRINGS = YES;
				SWIFT_VERSION = 5.0;
				TARGETED_DEVICE_FAMILY = "1,2";
			};
			name = Debug;
		};
		A2BA126D2771DC1A009F4B0F /* Release */ = {
			isa = XCBuildConfiguration;
			buildSettings = {
				ASSETCATALOG_COMPILER_APPICON_NAME = AppIcon;
				ASSETCATALOG_COMPILER_GLOBAL_ACCENT_COLOR_NAME = AccentColor;
				CODE_SIGN_STYLE = Automatic;
				CURRENT_PROJECT_VERSION = 1;
				DEVELOPMENT_ASSET_PATHS = "\"thmanyahApp-swiftui/Preview Content\"";
				DEVELOPMENT_TEAM = M9AP67F2SC;
				ENABLE_PREVIEWS = YES;
				GENERATE_INFOPLIST_FILE = YES;
				INFOPLIST_FILE = "thmanyahApp-swiftui/Info.plist";
				INFOPLIST_KEY_UIApplicationSceneManifest_Generation = YES;
				INFOPLIST_KEY_UIApplicationSupportsIndirectInputEvents = YES;
				INFOPLIST_KEY_UILaunchScreen_Generation = YES;
				INFOPLIST_KEY_UISupportedInterfaceOrientations_iPad = "UIInterfaceOrientationPortrait UIInterfaceOrientationPortraitUpsideDown UIInterfaceOrientationLandscapeLeft UIInterfaceOrientationLandscapeRight";
				INFOPLIST_KEY_UISupportedInterfaceOrientations_iPhone = "UIInterfaceOrientationPortrait UIInterfaceOrientationLandscapeLeft UIInterfaceOrientationLandscapeRight";
				IPHONEOS_DEPLOYMENT_TARGET = 15.0;
				LD_RUNPATH_SEARCH_PATHS = (
					"$(inherited)",
					"@executable_path/Frameworks",
				);
				MARKETING_VERSION = 1.0;
				PRODUCT_BUNDLE_IDENTIFIER = "com.vdotup.thmanyahApp-swiftui";
				PRODUCT_NAME = "$(TARGET_NAME)";
				SWIFT_EMIT_LOC_STRINGS = YES;
				SWIFT_VERSION = 5.0;
				TARGETED_DEVICE_FAMILY = "1,2";
			};
			name = Release;
		};
/* End XCBuildConfiguration section */

/* Begin XCConfigurationList section */
		A2BA12582771DC18009F4B0F /* Build configuration list for PBXProject "thmanyahApp-swiftui" */ = {
			isa = XCConfigurationList;
			buildConfigurations = (
				A2BA12692771DC1A009F4B0F /* Debug */,
				A2BA126A2771DC1A009F4B0F /* Release */,
			);
			defaultConfigurationIsVisible = 0;
			defaultConfigurationName = Release;
		};
		A2BA126B2771DC1A009F4B0F /* Build configuration list for PBXNativeTarget "thmanyahApp-swiftui" */ = {
			isa = XCConfigurationList;
			buildConfigurations = (
				A2BA126C2771DC1A009F4B0F /* Debug */,
				A2BA126D2771DC1A009F4B0F /* Release */,
			);
			defaultConfigurationIsVisible = 0;
			defaultConfigurationName = Release;
		};
/* End XCConfigurationList section */

/* Begin XCRemoteSwiftPackageReference section */
		A2BA12792771EFED009F4B0F /* XCRemoteSwiftPackageReference "SwiftUI-Introspect" */ = {
			isa = XCRemoteSwiftPackageReference;
			repositoryURL = "https://github.com/siteline/SwiftUI-Introspect.git";
			requirement = {
				kind = upToNextMajorVersion;
				minimumVersion = 0.1.3;
			};
		};
/* End XCRemoteSwiftPackageReference section */

/* Begin XCSwiftPackageProductDependency section */
		A2BA127A2771EFED009F4B0F /* Introspect */ = {
			isa = XCSwiftPackageProductDependency;
			package = A2BA12792771EFED009F4B0F /* XCRemoteSwiftPackageReference "SwiftUI-Introspect" */;
			productName = Introspect;
		};
/* End XCSwiftPackageProductDependency section */
	};
	rootObject = A2BA12552771DC18009F4B0F /* Project object */;
}
